
Microsoft Visual Studio Solution File, Format Version 12.00
# Visual Studio 14
VisualStudioVersion = 14.0.25123.0
MinimumVisualStudioVersion = 10.0.40219.1
Project("{FAE04EC0-301F-11D3-BF4B-00C04F79EFBC}") = "ToDoList", "ToDoList\ToDoList.csproj", "{D2B8EE0B-E5B4-4F80-A8A9-11E36AAE9EDC}"
EndProject
Project("{FAE04EC0-301F-11D3-BF4B-00C04F79EFBC}") = "ToDoList.Core", "ToDoList.Core\ToDoList.Core.csproj", "{0839DB64-389D-4369-9FE9-2875DE58C3C9}"
EndProject
Global
	GlobalSection(SolutionConfigurationPlatforms) = preSolution
		Debug|Any CPU = Debug|Any CPU
		Release|Any CPU = Release|Any CPU
	EndGlobalSection
	GlobalSection(ProjectConfigurationPlatforms) = postSolution
		{D2B8EE0B-E5B4-4F80-A8A9-11E36AAE9EDC}.Debug|Any CPU.ActiveCfg = Debug|Any CPU
		{D2B8EE0B-E5B4-4F80-A8A9-11E36AAE9EDC}.Debug|Any CPU.Build.0 = Debug|Any CPU
		{D2B8EE0B-E5B4-4F80-A8A9-11E36AAE9EDC}.Debug|Any CPU.Deploy.0 = Debug|Any CPU
		{D2B8EE0B-E5B4-4F80-A8A9-11E36AAE9EDC}.Release|Any CPU.ActiveCfg = Release|Any CPU
		{D2B8EE0B-E5B4-4F80-A8A9-11E36AAE9EDC}.Release|Any CPU.Build.0 = Release|Any CPU
		{D2B8EE0B-E5B4-4F80-A8A9-11E36AAE9EDC}.Release|Any CPU.Deploy.0 = Release|Any CPU
		{0839DB64-389D-4369-9FE9-2875DE58C3C9}.Debug|Any CPU.ActiveCfg = Debug|Any CPU
		{0839DB64-389D-4369-9FE9-2875DE58C3C9}.Debug|Any CPU.Build.0 = Debug|Any CPU
		{0839DB64-389D-4369-9FE9-2875DE58C3C9}.Debug|Any CPU.Deploy.0 = Debug|Any CPU
		{0839DB64-389D-4369-9FE9-2875DE58C3C9}.Release|Any CPU.ActiveCfg = Release|Any CPU
		{0839DB64-389D-4369-9FE9-2875DE58C3C9}.Release|Any CPU.Build.0 = Release|Any CPU
		{0839DB64-389D-4369-9FE9-2875DE58C3C9}.Release|Any CPU.Deploy.0 = Release|Any CPU
	EndGlobalSection
	GlobalSection(SolutionProperties) = preSolution
		HideSolutionNode = FALSE
	EndGlobalSection
EndGlobal
